
Microsoft Visual Studio Solution File, Format Version 12.00
# Visual Studio Version 17
VisualStudioVersion = 17.6.33815.320
MinimumVisualStudioVersion = 10.0.40219.1
Project("{FAE04EC0-301F-11D3-BF4B-00C04F79EFBC}") = "MedicationCatalog", "Sports_nutrition\MedicationCatalog.csproj", "{EF29DB27-66B2-49ED-AC28-484988473F6A}"
EndProject
Global
	GlobalSection(SolutionConfigurationPlatforms) = preSolution
		Debug|Any CPU = Debug|Any CPU
		Release|Any CPU = Release|Any CPU
	EndGlobalSection
	GlobalSection(ProjectConfigurationPlatforms) = postSolution
		{EF29DB27-66B2-49ED-AC28-484988473F6A}.Debug|Any CPU.ActiveCfg = Debug|Any CPU
		{EF29DB27-66B2-49ED-AC28-484988473F6A}.Debug|Any CPU.Build.0 = Debug|Any CPU
		{EF29DB27-66B2-49ED-AC28-484988473F6A}.Release|Any CPU.ActiveCfg = Release|Any CPU
		{EF29DB27-66B2-49ED-AC28-484988473F6A}.Release|Any CPU.Build.0 = Release|Any CPU
	EndGlobalSection
	GlobalSection(SolutionProperties) = preSolution
		HideSolutionNode = FALSE
	EndGlobalSection
	GlobalSection(ExtensibilityGlobals) = postSolution
		SolutionGuid = {3BBA41AD-466C-4FD4-B4E1-738C4C409B31}
	EndGlobalSection
EndGlobal
